<?xml version="1.0" encoding="UTF-8" standalone="yes" ?>
<CodeBlocks_project_file>
	<FileVersion major="1" minor="6" />
	<Project>
		<Option title="DawnOfTheCircle" />
		<Option pch_mode="2" />
		<Option compiler="gcc" />
		<Build>
			<Target title="Debug">
				<Option output="bin/Debug/DawnOfTheCircle" prefix_auto="1" extension_auto="1" />
				<Option object_output="obj/Debug/" />
				<Option type="1" />
				<Option compiler="gcc" />
				<Compiler>
					<Add option="-g" />
				</Compiler>
			</Target>
			<Target title="Release">
				<Option output="bin/Release/DawnOfTheCircle" prefix_auto="1" extension_auto="1" />
				<Option object_output="obj/Release/" />
				<Option type="1" />
				<Option compiler="gcc" />
				<Compiler>
					<Add option="-O2" />
				</Compiler>
				<Linker>
					<Add option="-s" />
				</Linker>
			</Target>
		</Build>
		<Compiler>
			<Add option="-Wall" />
			<Add directory="D:/work/C++/SDL2-devel-2.0.9-mingw/SDL2-2.0.9/i686-w64-mingw32/include/SDL2" />
			<Add directory="D:/work/C++/SDL2_image-devel-2.0.4-mingw/SDL2_image-2.0.4/i686-w64-mingw32/include/SDL2" />
		</Compiler>
		<Linker>
			<Add option="-lmingw32 -lSDL2main -lSDL2 -lSDL2_image" />
			<Add directory="D:/work/C++/SDL2-devel-2.0.9-mingw/SDL2-2.0.9/i686-w64-mingw32/lib" />
			<Add directory="D:/work/C++/SDL2_image-devel-2.0.4-mingw/SDL2_image-2.0.4/i686-w64-mingw32/lib" />
		</Linker>
		<Unit filename="BGM.c">
			<Option compilerVar="CC" />
		</Unit>
		<Unit filename="BGM.h" />
		<Unit filename="CommonResource.c">
			<Option compilerVar="CC" />
		</Unit>
		<Unit filename="CommonResource.h" />
		<Unit filename="DebugTools.c">
			<Option compilerVar="CC" />
		</Unit>
		<Unit filename="DebugTools.h" />
		<Unit filename="FloorGround.c">
			<Option compilerVar="CC" />
		</Unit>
		<Unit filename="FloorGround.h" />
		<Unit filename="Game.c">
			<Option compilerVar="CC" />
		</Unit>
		<Unit filename="Game.h" />
		<Unit filename="GameCore.c">
			<Option compilerVar="CC" />
		</Unit>
		<Unit filename="GameCore.h" />
		<Unit filename="GameCoreProcessInterface.h" />
		<Unit filename="GameObject.c">
			<Option compilerVar="CC" />
		</Unit>
		<Unit filename="GameObject.h" />
		<Unit filename="GameProcessInterface.h" />
		<Unit filename="Map.c">
			<Option compilerVar="CC" />
		</Unit>
		<Unit filename="Map.h" />
		<Unit filename="Monster.c">
			<Option compilerVar="CC" />
		</Unit>
		<Unit filename="Monster.h" />
		<Unit filename="Position.c">
			<Option compilerVar="CC" />
		</Unit>
		<Unit filename="Position.h" />
		<Unit filename="PowerBall.c">
			<Option compilerVar="CC" />
		</Unit>
		<Unit filename="PowerBall.h" />
		<Unit filename="Utils.c">
			<Option compilerVar="CC" />
		</Unit>
		<Unit filename="Utils.h" />
		<Unit filename="WindowArea.c">
			<Option compilerVar="CC" />
		</Unit>
		<Unit filename="WindowArea.h" />
		<Unit filename="main.c">
			<Option compilerVar="CC" />
		</Unit>
		<Extensions>
			<code_completion />
			<envvars />
			<debugger />
		</Extensions>
	</Project>
</CodeBlocks_project_file>
